
Microsoft Visual Studio Solution File, Format Version 12.00
# Visual Studio Version 17
VisualStudioVersion = 17.14.36301.6
MinimumVisualStudioVersion = 10.0.40219.1
Project("{2150E333-8FDC-42A3-9474-1A3956D46DE8}") = "src", "src", "{A4019E13-30FF-41CD-9D7F-B755172FE9CD}"
EndProject
Project("{2150E333-8FDC-42A3-9474-1A3956D46DE8}") = "Services", "Services", "{C147E426-92A0-47B0-AFC7-615451EBAE92}"
EndProject
Project("{2150E333-8FDC-42A3-9474-1A3956D46DE8}") = "documentation", "documentation", "{E7F298D0-8D01-43DA-B5DE-19DB9816213B}"
EndProject
Project("{2150E333-8FDC-42A3-9474-1A3956D46DE8}") = "OrderService", "OrderService", "{ADDDCC88-E011-4910-A80A-4C6BDA27651F}"
EndProject
Project("{2150E333-8FDC-42A3-9474-1A3956D46DE8}") = "EmailService", "EmailService", "{28CFE6BE-6F2C-47C5-A134-EDF9A2F0DF03}"
EndProject
Project("{2150E333-8FDC-42A3-9474-1A3956D46DE8}") = "PaymentService", "PaymentService", "{5C7B3165-3C5E-4F01-888F-867B351DF884}"
EndProject
Project("{2150E333-8FDC-42A3-9474-1A3956D46DE8}") = "tests", "tests", "{7E9BA8ED-6034-48ED-BB4D-63ACDAAFE7B4}"
EndProject
Project("{2150E333-8FDC-42A3-9474-1A3956D46DE8}") = "Domain", "Domain", "{BD0E343F-2274-4F14-AC77-85D645A5F1CC}"
EndProject
Project("{2150E333-8FDC-42A3-9474-1A3956D46DE8}") = "Infrastructure", "Infrastructure", "{98B44E95-B5F2-4905-9AF2-F8282741370E}"
EndProject
Project("{2150E333-8FDC-42A3-9474-1A3956D46DE8}") = "Presentation", "Presentation", "{CF0172D6-C55D-4685-8DD8-CE81AF57FA87}"
EndProject
Project("{FAE04EC0-301F-11D3-BF4B-00C04F79EFBC}") = "Order.Core", "Order.Core\Order.Core.csproj", "{3AF1E5A1-BA79-47CB-AD23-9E95DD495418}"
EndProject
Project("{FAE04EC0-301F-11D3-BF4B-00C04F79EFBC}") = "Order.Application", "Order.Application\Order.Application.csproj", "{1632B96A-AE10-4E5C-B807-AA9962370FA0}"
EndProject
Project("{FAE04EC0-301F-11D3-BF4B-00C04F79EFBC}") = "Order.Infrastructure", "Order.Infrastructure\Order.Infrastructure.csproj", "{A13CC201-0B6B-4D6E-93D8-8A804D68C27D}"
EndProject
Project("{FAE04EC0-301F-11D3-BF4B-00C04F79EFBC}") = "Order.WebApi", "Order.WebApi\Order.WebApi.csproj", "{9B12570A-C255-4916-A163-D0D2D4B81B76}"
EndProject
Global
	GlobalSection(SolutionConfigurationPlatforms) = preSolution
		Debug|Any CPU = Debug|Any CPU
		Release|Any CPU = Release|Any CPU
	EndGlobalSection
	GlobalSection(ProjectConfigurationPlatforms) = postSolution
		{3AF1E5A1-BA79-47CB-AD23-9E95DD495418}.Debug|Any CPU.ActiveCfg = Debug|Any CPU
		{3AF1E5A1-BA79-47CB-AD23-9E95DD495418}.Debug|Any CPU.Build.0 = Debug|Any CPU
		{3AF1E5A1-BA79-47CB-AD23-9E95DD495418}.Release|Any CPU.ActiveCfg = Release|Any CPU
		{3AF1E5A1-BA79-47CB-AD23-9E95DD495418}.Release|Any CPU.Build.0 = Release|Any CPU
		{1632B96A-AE10-4E5C-B807-AA9962370FA0}.Debug|Any CPU.ActiveCfg = Debug|Any CPU
		{1632B96A-AE10-4E5C-B807-AA9962370FA0}.Debug|Any CPU.Build.0 = Debug|Any CPU
		{1632B96A-AE10-4E5C-B807-AA9962370FA0}.Release|Any CPU.ActiveCfg = Release|Any CPU
		{1632B96A-AE10-4E5C-B807-AA9962370FA0}.Release|Any CPU.Build.0 = Release|Any CPU
		{A13CC201-0B6B-4D6E-93D8-8A804D68C27D}.Debug|Any CPU.ActiveCfg = Debug|Any CPU
		{A13CC201-0B6B-4D6E-93D8-8A804D68C27D}.Debug|Any CPU.Build.0 = Debug|Any CPU
		{A13CC201-0B6B-4D6E-93D8-8A804D68C27D}.Release|Any CPU.ActiveCfg = Release|Any CPU
		{A13CC201-0B6B-4D6E-93D8-8A804D68C27D}.Release|Any CPU.Build.0 = Release|Any CPU
		{9B12570A-C255-4916-A163-D0D2D4B81B76}.Debug|Any CPU.ActiveCfg = Debug|Any CPU
		{9B12570A-C255-4916-A163-D0D2D4B81B76}.Debug|Any CPU.Build.0 = Debug|Any CPU
		{9B12570A-C255-4916-A163-D0D2D4B81B76}.Release|Any CPU.ActiveCfg = Release|Any CPU
		{9B12570A-C255-4916-A163-D0D2D4B81B76}.Release|Any CPU.Build.0 = Release|Any CPU
	EndGlobalSection
	GlobalSection(SolutionProperties) = preSolution
		HideSolutionNode = FALSE
	EndGlobalSection
	GlobalSection(NestedProjects) = preSolution
		{C147E426-92A0-47B0-AFC7-615451EBAE92} = {A4019E13-30FF-41CD-9D7F-B755172FE9CD}
		{E7F298D0-8D01-43DA-B5DE-19DB9816213B} = {A4019E13-30FF-41CD-9D7F-B755172FE9CD}
		{ADDDCC88-E011-4910-A80A-4C6BDA27651F} = {C147E426-92A0-47B0-AFC7-615451EBAE92}
		{28CFE6BE-6F2C-47C5-A134-EDF9A2F0DF03} = {C147E426-92A0-47B0-AFC7-615451EBAE92}
		{5C7B3165-3C5E-4F01-888F-867B351DF884} = {C147E426-92A0-47B0-AFC7-615451EBAE92}
		{BD0E343F-2274-4F14-AC77-85D645A5F1CC} = {ADDDCC88-E011-4910-A80A-4C6BDA27651F}
		{98B44E95-B5F2-4905-9AF2-F8282741370E} = {ADDDCC88-E011-4910-A80A-4C6BDA27651F}
		{CF0172D6-C55D-4685-8DD8-CE81AF57FA87} = {ADDDCC88-E011-4910-A80A-4C6BDA27651F}
		{3AF1E5A1-BA79-47CB-AD23-9E95DD495418} = {BD0E343F-2274-4F14-AC77-85D645A5F1CC}
		{1632B96A-AE10-4E5C-B807-AA9962370FA0} = {BD0E343F-2274-4F14-AC77-85D645A5F1CC}
		{A13CC201-0B6B-4D6E-93D8-8A804D68C27D} = {98B44E95-B5F2-4905-9AF2-F8282741370E}
		{9B12570A-C255-4916-A163-D0D2D4B81B76} = {CF0172D6-C55D-4685-8DD8-CE81AF57FA87}
	EndGlobalSection
	GlobalSection(ExtensibilityGlobals) = postSolution
		SolutionGuid = {A171F697-243B-4266-816C-3C442F9B7327}
	EndGlobalSection
EndGlobal
